
Microsoft Visual Studio Solution File, Format Version 12.00
# Visual Studio Version 16
VisualStudioVersion = 16.0.30413.136
MinimumVisualStudioVersion = 10.0.40219.1
Project("{FAE04EC0-301F-11D3-BF4B-00C04F79EFBC}") = "URI_Salario", "URI_Salario\URI_Salario.csproj", "{C87696BA-99BF-4D45-94FA-E11B0602F31E}"
EndProject
Global
	GlobalSection(SolutionConfigurationPlatforms) = preSolution
		Debug|Any CPU = Debug|Any CPU
		Release|Any CPU = Release|Any CPU
	EndGlobalSection
	GlobalSection(ProjectConfigurationPlatforms) = postSolution
		{C87696BA-99BF-4D45-94FA-E11B0602F31E}.Debug|Any CPU.ActiveCfg = Debug|Any CPU
		{C87696BA-99BF-4D45-94FA-E11B0602F31E}.Debug|Any CPU.Build.0 = Debug|Any CPU
		{C87696BA-99BF-4D45-94FA-E11B0602F31E}.Release|Any CPU.ActiveCfg = Release|Any CPU
		{C87696BA-99BF-4D45-94FA-E11B0602F31E}.Release|Any CPU.Build.0 = Release|Any CPU
	EndGlobalSection
	GlobalSection(SolutionProperties) = preSolution
		HideSolutionNode = FALSE
	EndGlobalSection
	GlobalSection(ExtensibilityGlobals) = postSolution
		SolutionGuid = {78C9394C-CA93-463B-98BC-EC09735C9C2B}
	EndGlobalSection
EndGlobal
