
Microsoft Visual Studio Solution File, Format Version 12.00
# Visual Studio Version 16
VisualStudioVersion = 16.0.30413.136
MinimumVisualStudioVersion = 10.0.40219.1
Project("{FAE04EC0-301F-11D3-BF4B-00C04F79EFBC}") = "exercicio_geo", "exercicio_geo\exercicio_geo.csproj", "{890B4DA5-2686-4D7A-BA95-981A4BE5E100}"
EndProject
Global
	GlobalSection(SolutionConfigurationPlatforms) = preSolution
		Debug|Any CPU = Debug|Any CPU
		Release|Any CPU = Release|Any CPU
	EndGlobalSection
	GlobalSection(ProjectConfigurationPlatforms) = postSolution
		{890B4DA5-2686-4D7A-BA95-981A4BE5E100}.Debug|Any CPU.ActiveCfg = Debug|Any CPU
		{890B4DA5-2686-4D7A-BA95-981A4BE5E100}.Debug|Any CPU.Build.0 = Debug|Any CPU
		{890B4DA5-2686-4D7A-BA95-981A4BE5E100}.Release|Any CPU.ActiveCfg = Release|Any CPU
		{890B4DA5-2686-4D7A-BA95-981A4BE5E100}.Release|Any CPU.Build.0 = Release|Any CPU
	EndGlobalSection
	GlobalSection(SolutionProperties) = preSolution
		HideSolutionNode = FALSE
	EndGlobalSection
	GlobalSection(ExtensibilityGlobals) = postSolution
		SolutionGuid = {3E092D43-DA51-4D94-8C50-F44F79F1682E}
	EndGlobalSection
EndGlobal
