
Microsoft Visual Studio Solution File, Format Version 12.00
# Visual Studio Version 16
VisualStudioVersion = 16.0.30413.136
MinimumVisualStudioVersion = 10.0.40219.1
Project("{FAE04EC0-301F-11D3-BF4B-00C04F79EFBC}") = "Uri_diferença", "Uri_diferença\Uri_diferença.csproj", "{1B0BC182-593F-474A-9844-8133303C764D}"
EndProject
Global
	GlobalSection(SolutionConfigurationPlatforms) = preSolution
		Debug|Any CPU = Debug|Any CPU
		Release|Any CPU = Release|Any CPU
	EndGlobalSection
	GlobalSection(ProjectConfigurationPlatforms) = postSolution
		{1B0BC182-593F-474A-9844-8133303C764D}.Debug|Any CPU.ActiveCfg = Debug|Any CPU
		{1B0BC182-593F-474A-9844-8133303C764D}.Debug|Any CPU.Build.0 = Debug|Any CPU
		{1B0BC182-593F-474A-9844-8133303C764D}.Release|Any CPU.ActiveCfg = Release|Any CPU
		{1B0BC182-593F-474A-9844-8133303C764D}.Release|Any CPU.Build.0 = Release|Any CPU
	EndGlobalSection
	GlobalSection(SolutionProperties) = preSolution
		HideSolutionNode = FALSE
	EndGlobalSection
	GlobalSection(ExtensibilityGlobals) = postSolution
		SolutionGuid = {B2DF2CE6-5F0A-44D8-8301-2B085A8DEE94}
	EndGlobalSection
EndGlobal
